<Solution>
  <Configurations>
    <Platform Name="Any CPU" />
    <Platform Name="x64" />
  </Configurations>
  <Project Path="../CppCudaEngine/CppCudaEngine.vcxproj" />
  <Project Path="CudaCtRecon.csproj">
    <BuildDependency Project="../CppCudaEngine/CppCudaEngine.vcxproj" />
  </Project>
</Solution>
